{
  "name": "OnlineWebsite",
  "version": "1.0.0",
  "lockfileVersion": 1,
  "requires": true,
  "dependencies": {
    "node-github-pages": {
      "version": "0.1.1",
      "resolved": "https://registry.npmjs.org/node-github-pages/-/node-github-pages-0.1.1.tgz",
      "integrity": "sha512-Zk+/rdoRV+G0jHsdoKHP52nENMRv8II1B3C+7oHdIbjP+xdXpGsOICxPWqcqOYDY7A9njbU1btFrX66EogxahA=="
    },
    "sal.js": {
      "version": "0.7.1",
      "resolved": "https://registry.npmjs.org/sal.js/-/sal.js-0.7.1.tgz",
      "integrity": "sha512-F2zOgDqEyGqUmZaYcqHo9Q8zEPhQt5m7oPq7vCrAO7JsQZQZAgeYMwbHksBPWnDp26UxO6wkNqbjf0SPZMemOA=="
    }
  }
}
